
Microsoft Visual Studio Solution File, Format Version 12.00
# Visual Studio Version 16
VisualStudioVersion = 16.0.32106.194
MinimumVisualStudioVersion = 10.0.40219.1
Project("{FAE04EC0-301F-11D3-BF4B-00C04F79EFBC}") = "WindowsFormsApp1", "WindowsFormsApp1\WindowsFormsApp1.csproj", "{C69287F9-BF9E-44F7-AE0D-48EA4719B904}"
EndProject
Global
	GlobalSection(SolutionConfigurationPlatforms) = preSolution
		Debug|Any CPU = Debug|Any CPU
		Release|Any CPU = Release|Any CPU
	EndGlobalSection
	GlobalSection(ProjectConfigurationPlatforms) = postSolution
		{C69287F9-BF9E-44F7-AE0D-48EA4719B904}.Debug|Any CPU.ActiveCfg = Debug|Any CPU
		{C69287F9-BF9E-44F7-AE0D-48EA4719B904}.Debug|Any CPU.Build.0 = Debug|Any CPU
		{C69287F9-BF9E-44F7-AE0D-48EA4719B904}.Release|Any CPU.ActiveCfg = Release|Any CPU
		{C69287F9-BF9E-44F7-AE0D-48EA4719B904}.Release|Any CPU.Build.0 = Release|Any CPU
	EndGlobalSection
	GlobalSection(SolutionProperties) = preSolution
		HideSolutionNode = FALSE
	EndGlobalSection
	GlobalSection(ExtensibilityGlobals) = postSolution
		SolutionGuid = {470C2161-E54A-47FC-91F7-561F3D27BBC3}
	EndGlobalSection
EndGlobal
